// !$*UTF8*$!
{
	archiveVersion = 1;
	classes = {
	};
	objectVersion = 50;
	objects = {

/* Begin PBXBuildFile section */
		057AE2BB25DBCD6300DF3850 /* AppDelegate.swift in Sources */ = {isa = PBXBuildFile; fileRef = 057AE2BA25DBCD6300DF3850 /* AppDelegate.swift */; };
		057AE2BD25DBCD6300DF3850 /* SceneDelegate.swift in Sources */ = {isa = PBXBuildFile; fileRef = 057AE2BC25DBCD6300DF3850 /* SceneDelegate.swift */; };
		057AE2BF25DBCD6300DF3850 /* ViewController.swift in Sources */ = {isa = PBXBuildFile; fileRef = 057AE2BE25DBCD6300DF3850 /* ViewController.swift */; };
		057AE2C225DBCD6300DF3850 /* Main.storyboard in Resources */ = {isa = PBXBuildFile; fileRef = 057AE2C025DBCD6300DF3850 /* Main.storyboard */; };
		057AE2C425DBCD6400DF3850 /* Assets.xcassets in Resources */ = {isa = PBXBuildFile; fileRef = 057AE2C325DBCD6400DF3850 /* Assets.xcassets */; };
		057AE2C725DBCD6400DF3850 /* LaunchScreen.storyboard in Resources */ = {isa = PBXBuildFile; fileRef = 057AE2C525DBCD6400DF3850 /* LaunchScreen.storyboard */; };
/* End PBXBuildFile section */

/* Begin PBXFileReference section */
		057AE2B725DBCD6300DF3850 /* TestPayment.app */ = {isa = PBXFileReference; explicitFileType = wrapper.application; includeInIndex = 0; path = TestPayment.app; sourceTree = BUILT_PRODUCTS_DIR; };
		057AE2BA25DBCD6300DF3850 /* AppDelegate.swift */ = {isa = PBXFileReference; lastKnownFileType = sourcecode.swift; path = AppDelegate.swift; sourceTree = "<group>"; };
		057AE2BC25DBCD6300DF3850 /* SceneDelegate.swift */ = {isa = PBXFileReference; lastKnownFileType = sourcecode.swift; path = SceneDelegate.swift; sourceTree = "<group>"; };
		057AE2BE25DBCD6300DF3850 /* ViewController.swift */ = {isa = PBXFileReference; lastKnownFileType = sourcecode.swift; path = ViewController.swift; sourceTree = "<group>"; };
		057AE2C125DBCD6300DF3850 /* Base */ = {isa = PBXFileReference; lastKnownFileType = file.storyboard; name = Base; path = Base.lproj/Main.storyboard; sourceTree = "<group>"; };
		057AE2C325DBCD6400DF3850 /* Assets.xcassets */ = {isa = PBXFileReference; lastKnownFileType = folder.assetcatalog; path = Assets.xcassets; sourceTree = "<group>"; };
		057AE2C625DBCD6400DF3850 /* Base */ = {isa = PBXFileReference; lastKnownFileType = file.storyboard; name = Base; path = Base.lproj/LaunchScreen.storyboard; sourceTree = "<group>"; };
		057AE2C825DBCD6400DF3850 /* Info.plist */ = {isa = PBXFileReference; lastKnownFileType = text.plist.xml; path = Info.plist; sourceTree = "<group>"; };
/* End PBXFileReference section */

/* Begin PBXFrameworksBuildPhase section */
		057AE2B425DBCD6300DF3850 /* Frameworks */ = {
			isa = PBXFrameworksBuildPhase;
			buildActionMask = 2147483647;
			files = (
			);
			runOnlyForDeploymentPostprocessing = 0;
		};
/* End PBXFrameworksBuildPhase section */

/* Begin PBXGroup section */
		057AE2AE25DBCD6300DF3850 = {
			isa = PBXGroup;
			children = (
				057AE2B925DBCD6300DF3850 /* TestPayment */,
				057AE2B825DBCD6300DF3850 /* Products */,
			);
			sourceTree = "<group>";
		};
		057AE2B825DBCD6300DF3850 /* Products */ = {
			isa = PBXGroup;
			children = (
				057AE2B725DBCD6300DF3850 /* TestPayment.app */,
			);
			name = Products;
			sourceTree = "<group>";
		};
		057AE2B925DBCD6300DF3850 /* TestPayment */ = {
			isa = PBXGroup;
			children = (
				057AE2BA25DBCD6300DF3850 /* AppDelegate.swift */,
				057AE2BC25DBCD6300DF3850 /* SceneDelegate.swift */,
				057AE2BE25DBCD6300DF3850 /* ViewController.swift */,
				057AE2C025DBCD6300DF3850 /* Main.storyboard */,
				057AE2C325DBCD6400DF3850 /* Assets.xcassets */,
				057AE2C525DBCD6400DF3850 /* LaunchScreen.storyboard */,
				057AE2C825DBCD6400DF3850 /* Info.plist */,
			);
			path = TestPayment;
			sourceTree = "<group>";
		};
/* End PBXGroup section */

/* Begin PBXNativeTarget section */
		057AE2B625DBCD6300DF3850 /* TestPayment */ = {
			isa = PBXNativeTarget;
			buildConfigurationList = 057AE2CB25DBCD6400DF3850 /* Build configuration list for PBXNativeTarget "TestPayment" */;
			buildPhases = (
				057AE2B325DBCD6300DF3850 /* Sources */,
				057AE2B425DBCD6300DF3850 /* Frameworks */,
				057AE2B525DBCD6300DF3850 /* Resources */,
			);
			buildRules = (
			);
			dependencies = (
			);
			name = TestPayment;
			productName = TestPayment;
			productReference = 057AE2B725DBCD6300DF3850 /* TestPayment.app */;
			productType = "com.apple.product-type.application";
		};
/* End PBXNativeTarget section */

/* Begin PBXProject section */
		057AE2AF25DBCD6300DF3850 /* Project object */ = {
			isa = PBXProject;
			attributes = {
				LastSwiftUpdateCheck = 1230;
				LastUpgradeCheck = 1230;
				TargetAttributes = {
					057AE2B625DBCD6300DF3850 = {
						CreatedOnToolsVersion = 12.3;
					};
				};
			};
			buildConfigurationList = 057AE2B225DBCD6300DF3850 /* Build configuration list for PBXProject "TestPayment" */;
			compatibilityVersion = "Xcode 9.3";
			developmentRegion = en;
			hasScannedForEncodings = 0;
			knownRegions = (
				en,
				Base,
			);
			mainGroup = 057AE2AE25DBCD6300DF3850;
			productRefGroup = 057AE2B825DBCD6300DF3850 /* Products */;
			projectDirPath = "";
			projectRoot = "";
			targets = (
				057AE2B625DBCD6300DF3850 /* TestPayment */,
			);
		};
/* End PBXProject section */

/* Begin PBXResourcesBuildPhase section */
		057AE2B525DBCD6300DF3850 /* Resources */ = {
			isa = PBXResourcesBuildPhase;
			buildActionMask = 2147483647;
			files = (
				057AE2C725DBCD6400DF3850 /* LaunchScreen.storyboard in Resources */,
				057AE2C425DBCD6400DF3850 /* Assets.xcassets in Resources */,
				057AE2C225DBCD6300DF3850 /* Main.storyboard in Resources */,
			);
			runOnlyForDeploymentPostprocessing = 0;
		};
/* End PBXResourcesBuildPhase section */

/* Begin PBXSourcesBuildPhase section */
		057AE2B325DBCD6300DF3850 /* Sources */ = {
			isa = PBXSourcesBuildPhase;
			buildActionMask = 2147483647;
			files = (
				057AE2BF25DBCD6300DF3850 /* ViewController.swift in Sources */,
				057AE2BB25DBCD6300DF3850 /* AppDelegate.swift in Sources */,
				057AE2BD25DBCD6300DF3850 /* SceneDelegate.swift in Sources */,
			);
			runOnlyForDeploymentPostprocessing = 0;
		};
/* End PBXSourcesBuildPhase section */

/* Begin PBXVariantGroup section */
		057AE2C025DBCD6300DF3850 /* Main.storyboard */ = {
			isa = PBXVariantGroup;
			children = (
				057AE2C125DBCD6300DF3850 /* Base */,
			);
			name = Main.storyboard;
			sourceTree = "<group>";
		};
		057AE2C525DBCD6400DF3850 /* LaunchScreen.storyboard */ = {
			isa = PBXVariantGroup;
			children = (
				057AE2C625DBCD6400DF3850 /* Base */,
			);
			name = LaunchScreen.storyboard;
			sourceTree = "<group>";
		};
/* End PBXVariantGroup section */

/* Begin XCBuildConfiguration section */
		057AE2C925DBCD6400DF3850 /* Debug */ = {
			isa = XCBuildConfiguration;
			buildSettings = {
				ALWAYS_SEARCH_USER_PATHS = NO;
				CLANG_ANALYZER_NONNULL = YES;
				CLANG_ANALYZER_NUMBER_OBJECT_CONVERSION = YES_AGGRESSIVE;
				CLANG_CXX_LANGUAGE_STANDARD = "gnu++14";
				CLANG_CXX_LIBRARY = "libc++";
				CLANG_ENABLE_MODULES = YES;
				CLANG_ENABLE_OBJC_ARC = YES;
				CLANG_ENABLE_OBJC_WEAK = YES;
				CLANG_WARN_BLOCK_CAPTURE_AUTORELEASING = YES;
				CLANG_WARN_BOOL_CONVERSION = YES;
				CLANG_WARN_COMMA = YES;
				CLANG_WARN_CONSTANT_CONVERSION = YES;
				CLANG_WARN_DEPRECATED_OBJC_IMPLEMENTATIONS = YES;
				CLANG_WARN_DIRECT_OBJC_ISA_USAGE = YES_ERROR;
				CLANG_WARN_DOCUMENTATION_COMMENTS = YES;
				CLANG_WARN_EMPTY_BODY = YES;
				CLANG_WARN_ENUM_CONVERSION = YES;
				CLANG_WARN_INFINITE_RECURSION = YES;
				CLANG_WARN_INT_CONVERSION = YES;
				CLANG_WARN_NON_LITERAL_NULL_CONVERSION = YES;
				CLANG_WARN_OBJC_IMPLICIT_RETAIN_SELF = YES;
				CLANG_WARN_OBJC_LITERAL_CONVERSION = YES;
				CLANG_WARN_OBJC_ROOT_CLASS = YES_ERROR;
				CLANG_WARN_QUOTED_INCLUDE_IN_FRAMEWORK_HEADER = YES;
				CLANG_WARN_RANGE_LOOP_ANALYSIS = YES;
				CLANG_WARN_STRICT_PROTOTYPES = YES;
				CLANG_WARN_SUSPICIOUS_MOVE = YES;
				CLANG_WARN_UNGUARDED_AVAILABILITY = YES_AGGRESSIVE;
				CLANG_WARN_UNREACHABLE_CODE = YES;
				CLANG_WARN__DUPLICATE_METHOD_MATCH = YES;
				COPY_PHASE_STRIP = NO;
				DEBUG_INFORMATION_FORMAT = dwarf;
				ENABLE_STRICT_OBJC_MSGSEND = YES;
				ENABLE_TESTABILITY = YES;
				GCC_C_LANGUAGE_STANDARD = gnu11;
				GCC_DYNAMIC_NO_PIC = NO;
				GCC_NO_COMMON_BLOCKS = YES;
				GCC_OPTIMIZATION_LEVEL = 0;
				GCC_PREPROCESSOR_DEFINITIONS = (
					"DEBUG=1",
					"$(inherited)",
				);
				GCC_WARN_64_TO_32_BIT_CONVERSION = YES;
				GCC_WARN_ABOUT_RETURN_TYPE = YES_ERROR;
				GCC_WARN_UNDECLARED_SELECTOR = YES;
				GCC_WARN_UNINITIALIZED_AUTOS = YES_AGGRESSIVE;
				GCC_WARN_UNUSED_FUNCTION = YES;
				GCC_WARN_UNUSED_VARIABLE = YES;
				IPHONEOS_DEPLOYMENT_TARGET = 14.3;
				MTL_ENABLE_DEBUG_INFO = INCLUDE_SOURCE;
				MTL_FAST_MATH = YES;
				ONLY_ACTIVE_ARCH = YES;
				SDKROOT = iphoneos;
				SWIFT_ACTIVE_COMPILATION_CONDITIONS = DEBUG;
				SWIFT_OPTIMIZATION_LEVEL = "-Onone";
			};
			name = Debug;
		};
		057AE2CA25DBCD6400DF3850 /* Release */ = {
			isa = XCBuildConfiguration;
			buildSettings = {
				ALWAYS_SEARCH_USER_PATHS = NO;
				CLANG_ANALYZER_NONNULL = YES;
				CLANG_ANALYZER_NUMBER_OBJECT_CONVERSION = YES_AGGRESSIVE;
				CLANG_CXX_LANGUAGE_STANDARD = "gnu++14";
				CLANG_CXX_LIBRARY = "libc++";
				CLANG_ENABLE_MODULES = YES;
				CLANG_ENABLE_OBJC_ARC = YES;
				CLANG_ENABLE_OBJC_WEAK = YES;
				CLANG_WARN_BLOCK_CAPTURE_AUTORELEASING = YES;
				CLANG_WARN_BOOL_CONVERSION = YES;
				CLANG_WARN_COMMA = YES;
				CLANG_WARN_CONSTANT_CONVERSION = YES;
				CLANG_WARN_DEPRECATED_OBJC_IMPLEMENTATIONS = YES;
				CLANG_WARN_DIRECT_OBJC_ISA_USAGE = YES_ERROR;
				CLANG_WARN_DOCUMENTATION_COMMENTS = YES;
				CLANG_WARN_EMPTY_BODY = YES;
				CLANG_WARN_ENUM_CONVERSION = YES;
				CLANG_WARN_INFINITE_RECURSION = YES;
				CLANG_WARN_INT_CONVERSION = YES;
				CLANG_WARN_NON_LITERAL_NULL_CONVERSION = YES;
				CLANG_WARN_OBJC_IMPLICIT_RETAIN_SELF = YES;
				CLANG_WARN_OBJC_LITERAL_CONVERSION = YES;
				CLANG_WARN_OBJC_ROOT_CLASS = YES_ERROR;
				CLANG_WARN_QUOTED_INCLUDE_IN_FRAMEWORK_HEADER = YES;
				CLANG_WARN_RANGE_LOOP_ANALYSIS = YES;
				CLANG_WARN_STRICT_PROTOTYPES = YES;
				CLANG_WARN_SUSPICIOUS_MOVE = YES;
				CLANG_WARN_UNGUARDED_AVAILABILITY = YES_AGGRESSIVE;
				CLANG_WARN_UNREACHABLE_CODE = YES;
				CLANG_WARN__DUPLICATE_METHOD_MATCH = YES;
				COPY_PHASE_STRIP = NO;
				DEBUG_INFORMATION_FORMAT = "dwarf-with-dsym";
				ENABLE_NS_ASSERTIONS = NO;
				ENABLE_STRICT_OBJC_MSGSEND = YES;
				GCC_C_LANGUAGE_STANDARD = gnu11;
				GCC_NO_COMMON_BLOCKS = YES;
				GCC_WARN_64_TO_32_BIT_CONVERSION = YES;
				GCC_WARN_ABOUT_RETURN_TYPE = YES_ERROR;
				GCC_WARN_UNDECLARED_SELECTOR = YES;
				GCC_WARN_UNINITIALIZED_AUTOS = YES_AGGRESSIVE;
				GCC_WARN_UNUSED_FUNCTION = YES;
				GCC_WARN_UNUSED_VARIABLE = YES;
				IPHONEOS_DEPLOYMENT_TARGET = 14.3;
				MTL_ENABLE_DEBUG_INFO = NO;
				MTL_FAST_MATH = YES;
				SDKROOT = iphoneos;
				SWIFT_COMPILATION_MODE = wholemodule;
				SWIFT_OPTIMIZATION_LEVEL = "-O";
				VALIDATE_PRODUCT = YES;
			};
			name = Release;
		};
		057AE2CC25DBCD6400DF3850 /* Debug */ = {
			isa = XCBuildConfiguration;
			buildSettings = {
				ASSETCATALOG_COMPILER_APPICON_NAME = AppIcon;
				ASSETCATALOG_COMPILER_GLOBAL_ACCENT_COLOR_NAME = AccentColor;
				CODE_SIGN_STYLE = Automatic;
				INFOPLIST_FILE = TestPayment/Info.plist;
				LD_RUNPATH_SEARCH_PATHS = (
					"$(inherited)",
					"@executable_path/Frameworks",
				);
				PRODUCT_BUNDLE_IDENTIFIER = com.testpayment.TestPayment;
				PRODUCT_NAME = "$(TARGET_NAME)";
				SWIFT_VERSION = 5.0;
				TARGETED_DEVICE_FAMILY = "1,2";
			};
			name = Debug;
		};
		057AE2CD25DBCD6400DF3850 /* Release */ = {
			isa = XCBuildConfiguration;
			buildSettings = {
				ASSETCATALOG_COMPILER_APPICON_NAME = AppIcon;
				ASSETCATALOG_COMPILER_GLOBAL_ACCENT_COLOR_NAME = AccentColor;
				CODE_SIGN_STYLE = Automatic;
				INFOPLIST_FILE = TestPayment/Info.plist;
				LD_RUNPATH_SEARCH_PATHS = (
					"$(inherited)",
					"@executable_path/Frameworks",
				);
				PRODUCT_BUNDLE_IDENTIFIER = com.testpayment.TestPayment;
				PRODUCT_NAME = "$(TARGET_NAME)";
				SWIFT_VERSION = 5.0;
				TARGETED_DEVICE_FAMILY = "1,2";
			};
			name = Release;
		};
/* End XCBuildConfiguration section */

/* Begin XCConfigurationList section */
		057AE2B225DBCD6300DF3850 /* Build configuration list for PBXProject "TestPayment" */ = {
			isa = XCConfigurationList;
			buildConfigurations = (
				057AE2C925DBCD6400DF3850 /* Debug */,
				057AE2CA25DBCD6400DF3850 /* Release */,
			);
			defaultConfigurationIsVisible = 0;
			defaultConfigurationName = Release;
		};
		057AE2CB25DBCD6400DF3850 /* Build configuration list for PBXNativeTarget "TestPayment" */ = {
			isa = XCConfigurationList;
			buildConfigurations = (
				057AE2CC25DBCD6400DF3850 /* Debug */,
				057AE2CD25DBCD6400DF3850 /* Release */,
			);
			defaultConfigurationIsVisible = 0;
			defaultConfigurationName = Release;
		};
/* End XCConfigurationList section */
	};
	rootObject = 057AE2AF25DBCD6300DF3850 /* Project object */;
}
